
Microsoft Visual Studio Solution File, Format Version 12.00
# Visual Studio 15
VisualStudioVersion = 15.0.26730.3
MinimumVisualStudioVersion = 10.0.40219.1
Project("{FAE04EC0-301F-11D3-BF4B-00C04F79EFBC}") = "App1", "App1\App1.csproj", "{12F5DCD9-A4F4-4D3B-BDC9-D586F45AD165}"
EndProject
Global
	GlobalSection(SolutionConfigurationPlatforms) = preSolution
		Debug|ARM = Debug|ARM
		Debug|x64 = Debug|x64
		Debug|x86 = Debug|x86
		Release|ARM = Release|ARM
		Release|x64 = Release|x64
		Release|x86 = Release|x86
	EndGlobalSection
	GlobalSection(ProjectConfigurationPlatforms) = postSolution
		{12F5DCD9-A4F4-4D3B-BDC9-D586F45AD165}.Debug|ARM.ActiveCfg = Debug|ARM
		{12F5DCD9-A4F4-4D3B-BDC9-D586F45AD165}.Debug|ARM.Build.0 = Debug|ARM
		{12F5DCD9-A4F4-4D3B-BDC9-D586F45AD165}.Debug|ARM.Deploy.0 = Debug|ARM
		{12F5DCD9-A4F4-4D3B-BDC9-D586F45AD165}.Debug|x64.ActiveCfg = Debug|x64
		{12F5DCD9-A4F4-4D3B-BDC9-D586F45AD165}.Debug|x64.Build.0 = Debug|x64
		{12F5DCD9-A4F4-4D3B-BDC9-D586F45AD165}.Debug|x64.Deploy.0 = Debug|x64
		{12F5DCD9-A4F4-4D3B-BDC9-D586F45AD165}.Debug|x86.ActiveCfg = Debug|x86
		{12F5DCD9-A4F4-4D3B-BDC9-D586F45AD165}.Debug|x86.Build.0 = Debug|x86
		{12F5DCD9-A4F4-4D3B-BDC9-D586F45AD165}.Debug|x86.Deploy.0 = Debug|x86
		{12F5DCD9-A4F4-4D3B-BDC9-D586F45AD165}.Release|ARM.ActiveCfg = Release|ARM
		{12F5DCD9-A4F4-4D3B-BDC9-D586F45AD165}.Release|ARM.Build.0 = Release|ARM
		{12F5DCD9-A4F4-4D3B-BDC9-D586F45AD165}.Release|ARM.Deploy.0 = Release|ARM
		{12F5DCD9-A4F4-4D3B-BDC9-D586F45AD165}.Release|x64.ActiveCfg = Release|x64
		{12F5DCD9-A4F4-4D3B-BDC9-D586F45AD165}.Release|x64.Build.0 = Release|x64
		{12F5DCD9-A4F4-4D3B-BDC9-D586F45AD165}.Release|x64.Deploy.0 = Release|x64
		{12F5DCD9-A4F4-4D3B-BDC9-D586F45AD165}.Release|x86.ActiveCfg = Release|x86
		{12F5DCD9-A4F4-4D3B-BDC9-D586F45AD165}.Release|x86.Build.0 = Release|x86
		{12F5DCD9-A4F4-4D3B-BDC9-D586F45AD165}.Release|x86.Deploy.0 = Release|x86
	EndGlobalSection
	GlobalSection(SolutionProperties) = preSolution
		HideSolutionNode = FALSE
	EndGlobalSection
	GlobalSection(ExtensibilityGlobals) = postSolution
		SolutionGuid = {AA7C09F1-F293-44C9-B12B-4CBF48196264}
	EndGlobalSection
EndGlobal
